// !$*UTF8*$!
{
	archiveVersion = 1;
	classes = {
	};
	objectVersion = 77;
	objects = {

/* Begin PBXBuildFile section */
		EE000000000000000000000A /* BroadcastExtension.appex in Embed Foundation Extensions */ = {isa = PBXBuildFile; fileRef = EE0000000000000000000003 /* BroadcastExtension.appex */; settings = {ATTRIBUTES = (RemoveHeadersOnCopy, ); }; };
/* End PBXBuildFile section */

/* Begin PBXCopyFilesBuildPhase section */
		EE0000000000000000000009 /* Embed Foundation Extensions */ = {
			isa = PBXCopyFilesBuildPhase;
			buildActionMask = 2147483647;
			dstPath = "";
			dstSubfolderSpec = 13;
			files = (
				EE000000000000000000000A /* BroadcastExtension.appex in Embed Foundation Extensions */,
			);
			name = "Embed Foundation Extensions";
			runOnlyForDeploymentPostprocessing = 0;
		};
/* End PBXCopyFilesBuildPhase section */

/* Begin PBXFileReference section */
		FF0000000000000000000006 /* USBCameraTouch.app */ = {isa = PBXFileReference; explicitFileType = wrapper.application; includeInIndex = 0; path = USBCameraTouch.app; sourceTree = BUILT_PRODUCTS_DIR; };
		EE0000000000000000000003 /* BroadcastExtension.appex */ = {isa = PBXFileReference; explicitFileType = "wrapper.app-extension"; includeInIndex = 0; path = BroadcastExtension.appex; sourceTree = BUILT_PRODUCTS_DIR; };
/* End PBXFileReference section */

/* Begin PBXFileSystemSynchronizedRootGroup section */
		FF0000000000000000000004 /* USBCameraTouch */ = {
			isa = PBXFileSystemSynchronizedRootGroup;
			path = USBCameraTouch;
			sourceTree = "<group>";
		};
		EE0000000000000000000002 /* BroadcastExtension */ = {
			isa = PBXFileSystemSynchronizedRootGroup;
			path = BroadcastExtension;
			sourceTree = "<group>";
		};
/* End PBXFileSystemSynchronizedRootGroup section */

/* Begin PBXFrameworksBuildPhase section */
		FF0000000000000000000008 /* Frameworks */ = {
			isa = PBXFrameworksBuildPhase;
			buildActionMask = 2147483647;
			files = (
			);
			runOnlyForDeploymentPostprocessing = 0;
		};
		EE0000000000000000000005 /* Frameworks */ = {
			isa = PBXFrameworksBuildPhase;
			buildActionMask = 2147483647;
			files = (
			);
			runOnlyForDeploymentPostprocessing = 0;
		};
/* End PBXFrameworksBuildPhase section */

/* Begin PBXGroup section */
		FF0000000000000000000002 = {
			isa = PBXGroup;
			children = (
				FF0000000000000000000004 /* USBCameraTouch */,
				EE0000000000000000000002 /* BroadcastExtension */,
				FF0000000000000000000003 /* Products */,
			);
			sourceTree = "<group>";
		};
		FF0000000000000000000003 /* Products */ = {
			isa = PBXGroup;
			children = (
				FF0000000000000000000006 /* USBCameraTouch.app */,
				EE0000000000000000000003 /* BroadcastExtension.appex */,
			);
			name = Products;
			sourceTree = "<group>";
		};
/* End PBXGroup section */

/* Begin PBXNativeTarget section */
		FF0000000000000000000005 /* USBCameraTouch */ = {
			isa = PBXNativeTarget;
			buildConfigurationList = FF00000000000000000000B0 /* Build configuration list for PBXNativeTarget "USBCameraTouch" */;
			buildPhases = (
				FF0000000000000000000007 /* Sources */,
				FF0000000000000000000008 /* Frameworks */,
				FF0000000000000000000009 /* Resources */,
				EE0000000000000000000009 /* Embed Foundation Extensions */,
			);
			buildRules = (
			);
			dependencies = (
				EE000000000000000000000B /* PBXTargetDependency */,
			);
			fileSystemSynchronizedGroups = (
				FF0000000000000000000004 /* USBCameraTouch */,
			);
			name = USBCameraTouch;
			packageProductDependencies = (
			);
			productName = USBCameraTouch;
			productReference = FF0000000000000000000006 /* USBCameraTouch.app */;
			productType = "com.apple.product-type.application";
		};
		EE0000000000000000000001 /* BroadcastExtension */ = {
			isa = PBXNativeTarget;
			buildConfigurationList = EE00000000000000000000B0 /* Build configuration list for PBXNativeTarget "BroadcastExtension" */;
			buildPhases = (
				EE0000000000000000000004 /* Sources */,
				EE0000000000000000000005 /* Frameworks */,
			);
			buildRules = (
			);
			dependencies = (
			);
			fileSystemSynchronizedGroups = (
				EE0000000000000000000002 /* BroadcastExtension */,
			);
			name = BroadcastExtension;
			packageProductDependencies = (
			);
			productName = BroadcastExtension;
			productReference = EE0000000000000000000003 /* BroadcastExtension.appex */;
			productType = "com.apple.product-type.app-extension";
		};
/* End PBXNativeTarget section */

/* Begin PBXProject section */
		FF0000000000000000000001 /* Project object */ = {
			isa = PBXProject;
			attributes = {
				BuildIndependentTargetsInParallel = 1;
				LastSwiftUpdateCheck = 2610;
				LastUpgradeCheck = 2610;
				TargetAttributes = {
					FF0000000000000000000005 = {
						CreatedOnToolsVersion = 26.1;
					};
					EE0000000000000000000001 = {
						CreatedOnToolsVersion = 26.1;
					};
				};
			};
			buildConfigurationList = FF00000000000000000000A0 /* Build configuration list for PBXProject "USBCameraTouch" */;
			compatibilityVersion = "Xcode 15.0";
			developmentRegion = en;
			hasScannedForEncodings = 0;
			knownRegions = (
				en,
				Base,
			);
			mainGroup = FF0000000000000000000002;
			minimizedProjectReferenceProxies = 1;
			preferredProjectObjectVersion = 77;
			productRefGroup = FF0000000000000000000003 /* Products */;
			projectDirPath = "";
			projectRoot = "";
			targets = (
				FF0000000000000000000005 /* USBCameraTouch */,
				EE0000000000000000000001 /* BroadcastExtension */,
			);
		};
/* End PBXProject section */

/* Begin PBXResourcesBuildPhase section */
		FF0000000000000000000009 /* Resources */ = {
			isa = PBXResourcesBuildPhase;
			buildActionMask = 2147483647;
			files = (
			);
			runOnlyForDeploymentPostprocessing = 0;
		};
/* End PBXResourcesBuildPhase section */

/* Begin PBXSourcesBuildPhase section */
		FF0000000000000000000007 /* Sources */ = {
			isa = PBXSourcesBuildPhase;
			buildActionMask = 2147483647;
			files = (
			);
			runOnlyForDeploymentPostprocessing = 0;
		};
		EE0000000000000000000004 /* Sources */ = {
			isa = PBXSourcesBuildPhase;
			buildActionMask = 2147483647;
			files = (
			);
			runOnlyForDeploymentPostprocessing = 0;
		};
/* End PBXSourcesBuildPhase section */

/* Begin PBXTargetDependency section */
		EE000000000000000000000B /* PBXTargetDependency */ = {
			isa = PBXTargetDependency;
			target = EE0000000000000000000001 /* BroadcastExtension */;
			targetProxy = EE000000000000000000000C /* PBXContainerItemProxy */;
		};
/* End PBXTargetDependency section */

/* Begin PBXContainerItemProxy section */
		EE000000000000000000000C /* PBXContainerItemProxy */ = {
			isa = PBXContainerItemProxy;
			containerPortal = FF0000000000000000000001 /* Project object */;
			proxyType = 1;
			remoteGlobalIDString = EE0000000000000000000001;
			remoteInfo = BroadcastExtension;
		};
/* End PBXContainerItemProxy section */

/* Begin XCBuildConfiguration section */
		FF00000000000000000000C0 /* Debug */ = {
			isa = XCBuildConfiguration;
			buildSettings = {
				ALWAYS_SEARCH_USER_PATHS = NO;
				CLANG_ANALYZER_NONNULL = YES;
				CLANG_ENABLE_MODULES = YES;
				CLANG_ENABLE_OBJC_ARC = YES;
				DEBUG_INFORMATION_FORMAT = dwarf;
				ENABLE_STRICT_OBJC_MSGSEND = YES;
				ENABLE_TESTABILITY = YES;
				GCC_C_LANGUAGE_STANDARD = gnu17;
				IPHONEOS_DEPLOYMENT_TARGET = 26.0;
				ONLY_ACTIVE_ARCH = YES;
				SDKROOT = iphoneos;
				SWIFT_ACTIVE_COMPILATION_CONDITIONS = "DEBUG $(inherited)";
				SWIFT_OPTIMIZATION_LEVEL = "-Onone";
			};
			name = Debug;
		};
		FF00000000000000000000C1 /* Release */ = {
			isa = XCBuildConfiguration;
			buildSettings = {
				ALWAYS_SEARCH_USER_PATHS = NO;
				CLANG_ENABLE_MODULES = YES;
				CLANG_ENABLE_OBJC_ARC = YES;
				DEBUG_INFORMATION_FORMAT = "dwarf-with-dsym";
				ENABLE_STRICT_OBJC_MSGSEND = YES;
				GCC_C_LANGUAGE_STANDARD = gnu17;
				IPHONEOS_DEPLOYMENT_TARGET = 26.0;
				SDKROOT = iphoneos;
				SWIFT_COMPILATION_MODE = wholemodule;
				SWIFT_OPTIMIZATION_LEVEL = "-O";
			};
			name = Release;
		};
		FF00000000000000000000D0 /* Debug */ = {
			isa = XCBuildConfiguration;
			buildSettings = {
				CODE_SIGN_ENTITLEMENTS = "USBCameraTouch/Support/USBCameraTouch.entitlements";
				CODE_SIGN_STYLE = Automatic;
				DEVELOPMENT_TEAM = UQJKPW4GW8;
				CURRENT_PROJECT_VERSION = 1;
				GENERATE_INFOPLIST_FILE = YES;
				INFOPLIST_KEY_NSCameraUsageDescription = "需要相機以擷取畫面，並透過 USB 投屏到外接顯示器。";
				INFOPLIST_KEY_UILaunchScreen_Generation = YES;
				INFOPLIST_KEY_UISupportedInterfaceOrientations = UIInterfaceOrientationPortrait;
				IPHONEOS_DEPLOYMENT_TARGET = 26.0;
				LD_RUNPATH_SEARCH_PATHS = (
					"$(inherited)",
					"@executable_path/Frameworks",
				);
				MARKETING_VERSION = 1.0;
				PRODUCT_BUNDLE_IDENTIFIER = wen.usbcameratouch;
				PRODUCT_NAME = "$(TARGET_NAME)";
				SWIFT_EMIT_LOC_STRINGS = YES;
				SWIFT_VERSION = 5.0;
				TARGETED_DEVICE_FAMILY = "1,2";
			};
			name = Debug;
		};
		FF00000000000000000000D1 /* Release */ = {
			isa = XCBuildConfiguration;
			buildSettings = {
				CODE_SIGN_ENTITLEMENTS = "USBCameraTouch/Support/USBCameraTouch.entitlements";
				CODE_SIGN_STYLE = Automatic;
				DEVELOPMENT_TEAM = UQJKPW4GW8;
				CURRENT_PROJECT_VERSION = 1;
				GENERATE_INFOPLIST_FILE = YES;
				INFOPLIST_KEY_NSCameraUsageDescription = "需要相機以擷取畫面，並透過 USB 投屏到外接顯示器。";
				INFOPLIST_KEY_UILaunchScreen_Generation = YES;
				INFOPLIST_KEY_UISupportedInterfaceOrientations = UIInterfaceOrientationPortrait;
				IPHONEOS_DEPLOYMENT_TARGET = 26.0;
				LD_RUNPATH_SEARCH_PATHS = (
					"$(inherited)",
					"@executable_path/Frameworks",
				);
				MARKETING_VERSION = 1.0;
				PRODUCT_BUNDLE_IDENTIFIER = wen.usbcameratouch;
				PRODUCT_NAME = "$(TARGET_NAME)";
				SWIFT_EMIT_LOC_STRINGS = YES;
				SWIFT_VERSION = 5.0;
				TARGETED_DEVICE_FAMILY = "1,2";
			};
			name = Release;
		};
		EE00000000000000000000D0 /* Debug */ = {
			isa = XCBuildConfiguration;
			buildSettings = {
				CODE_SIGN_ENTITLEMENTS = "BroadcastExtension/BroadcastExtension.entitlements";
				CODE_SIGN_STYLE = Automatic;
				DEVELOPMENT_TEAM = UQJKPW4GW8;
				CURRENT_PROJECT_VERSION = 1;
				GENERATE_INFOPLIST_FILE = NO;
				INFOPLIST_FILE = "BroadcastExtension/Info.plist";
				IPHONEOS_DEPLOYMENT_TARGET = 26.0;
				LD_RUNPATH_SEARCH_PATHS = (
					"$(inherited)",
					"@executable_path/Frameworks",
					"@executable_path/../../Frameworks",
				);
				MARKETING_VERSION = 1.0;
				PRODUCT_BUNDLE_IDENTIFIER = "wen.usbcameratouch.BroadcastUpload";
				PRODUCT_NAME = "$(TARGET_NAME)";
				SKIP_INSTALL = YES;
				SWIFT_EMIT_LOC_STRINGS = YES;
				SWIFT_VERSION = 5.0;
				TARGETED_DEVICE_FAMILY = "1,2";
			};
			name = Debug;
		};
		EE00000000000000000000D1 /* Release */ = {
			isa = XCBuildConfiguration;
			buildSettings = {
				CODE_SIGN_ENTITLEMENTS = "BroadcastExtension/BroadcastExtension.entitlements";
				CODE_SIGN_STYLE = Automatic;
				DEVELOPMENT_TEAM = UQJKPW4GW8;
				CURRENT_PROJECT_VERSION = 1;
				GENERATE_INFOPLIST_FILE = NO;
				INFOPLIST_FILE = "BroadcastExtension/Info.plist";
				IPHONEOS_DEPLOYMENT_TARGET = 26.0;
				LD_RUNPATH_SEARCH_PATHS = (
					"$(inherited)",
					"@executable_path/Frameworks",
					"@executable_path/../../Frameworks",
				);
				MARKETING_VERSION = 1.0;
				PRODUCT_BUNDLE_IDENTIFIER = "wen.usbcameratouch.BroadcastUpload";
				PRODUCT_NAME = "$(TARGET_NAME)";
				SKIP_INSTALL = YES;
				SWIFT_EMIT_LOC_STRINGS = YES;
				SWIFT_VERSION = 5.0;
				TARGETED_DEVICE_FAMILY = "1,2";
			};
			name = Release;
		};
/* End XCBuildConfiguration section */

/* Begin XCConfigurationList section */
		FF00000000000000000000A0 /* Build configuration list for PBXProject "USBCameraTouch" */ = {
			isa = XCConfigurationList;
			buildConfigurations = (
				FF00000000000000000000C0 /* Debug */,
				FF00000000000000000000C1 /* Release */,
			);
			defaultConfigurationIsVisible = 0;
			defaultConfigurationName = Release;
		};
		FF00000000000000000000B0 /* Build configuration list for PBXNativeTarget "USBCameraTouch" */ = {
			isa = XCConfigurationList;
			buildConfigurations = (
				FF00000000000000000000D0 /* Debug */,
				FF00000000000000000000D1 /* Release */,
			);
			defaultConfigurationIsVisible = 0;
			defaultConfigurationName = Release;
		};
		EE00000000000000000000B0 /* Build configuration list for PBXNativeTarget "BroadcastExtension" */ = {
			isa = XCConfigurationList;
			buildConfigurations = (
				EE00000000000000000000D0 /* Debug */,
				EE00000000000000000000D1 /* Release */,
			);
			defaultConfigurationIsVisible = 0;
			defaultConfigurationName = Release;
		};
/* End XCConfigurationList section */
	};
	rootObject = FF0000000000000000000001 /* Project object */;
}
